Microsoft Visual Studio Solution File, Format Version 12.00
# Visual Studio Version 17
VisualStudioVersion = 17.5.2.0
MinimumVisualStudioVersion = 10.0.40219.1
Project("{FAE04EC0-301F-11D3-BF4B-00C04F79EFBC}") = "Part2", "Part2.csproj", "{FEF19333-75F6-689C-273C-493F82B1FAFA}"
EndProject
Global
	GlobalSection(SolutionConfigurationPlatforms) = preSolution
		Debug|Any CPU = Debug|Any CPU
		Release|Any CPU = Release|Any CPU
	EndGlobalSection
	GlobalSection(ProjectConfigurationPlatforms) = postSolution
		{FEF19333-75F6-689C-273C-493F82B1FAFA}.Debug|Any CPU.ActiveCfg = Debug|Any CPU
		{FEF19333-75F6-689C-273C-493F82B1FAFA}.Debug|Any CPU.Build.0 = Debug|Any CPU
		{FEF19333-75F6-689C-273C-493F82B1FAFA}.Release|Any CPU.ActiveCfg = Release|Any CPU
		{FEF19333-75F6-689C-273C-493F82B1FAFA}.Release|Any CPU.Build.0 = Release|Any CPU
	EndGlobalSection
	GlobalSection(SolutionProperties) = preSolution
		HideSolutionNode = FALSE
	EndGlobalSection
	GlobalSection(ExtensibilityGlobals) = postSolution
		SolutionGuid = {7A22F408-86AA-49E7-BB59-13A19A4EF1FE}
	EndGlobalSection
EndGlobal
